// !$*UTF8*$!
{
	archiveVersion = 1;
	classes = {
	};
	objectVersion = 46;
	objects = {

/* Begin PBXBuildFile section */
		0BE96F2C2061222F0088A3AF /* AbstractFactory.swift in Sources */ = {isa = PBXBuildFile; fileRef = 0BE96F2B2061222F0088A3AF /* AbstractFactory.swift */; };
		0BE96F2E206125D40088A3AF /* FactoryCoreData.swift in Sources */ = {isa = PBXBuildFile; fileRef = 0BE96F2D206125D40088A3AF /* FactoryCoreData.swift */; };
		0BE96F31206129040088A3AF /* DoctorDAO.swift in Sources */ = {isa = PBXBuildFile; fileRef = 0BE96F30206129040088A3AF /* DoctorDAO.swift */; };
		0BE96F3320612B900088A3AF /* DoctorDataCoreDAO.swift in Sources */ = {isa = PBXBuildFile; fileRef = 0BE96F3220612B900088A3AF /* DoctorDataCoreDAO.swift */; };
		46A7663A203AE9FD0026D50D /* AppDelegate.swift in Sources */ = {isa = PBXBuildFile; fileRef = 46A76639203AE9FD0026D50D /* AppDelegate.swift */; };
		46A7663F203AE9FD0026D50D /* Main.storyboard in Resources */ = {isa = PBXBuildFile; fileRef = 46A7663D203AE9FD0026D50D /* Main.storyboard */; };
		46A76642203AE9FD0026D50D /* Fourvierr.xcdatamodeld in Sources */ = {isa = PBXBuildFile; fileRef = 46A76640203AE9FD0026D50D /* Fourvierr.xcdatamodeld */; };
		46A76644203AE9FD0026D50D /* Assets.xcassets in Resources */ = {isa = PBXBuildFile; fileRef = 46A76643203AE9FD0026D50D /* Assets.xcassets */; };
		46A76647203AE9FD0026D50D /* LaunchScreen.storyboard in Resources */ = {isa = PBXBuildFile; fileRef = 46A76645203AE9FD0026D50D /* LaunchScreen.storyboard */; };
		46A76652203AE9FD0026D50D /* FourvierrTests.swift in Sources */ = {isa = PBXBuildFile; fileRef = 46A76651203AE9FD0026D50D /* FourvierrTests.swift */; };
		46A7665D203AE9FD0026D50D /* FourvierrUITests.swift in Sources */ = {isa = PBXBuildFile; fileRef = 46A7665C203AE9FD0026D50D /* FourvierrUITests.swift */; };
		8460923E205BCA41009FC67D /* MesRDVViewController.swift in Sources */ = {isa = PBXBuildFile; fileRef = 8460923D205BCA41009FC67D /* MesRDVViewController.swift */; };
		84609240205BF68D009FC67D /* calendar.png in Resources */ = {isa = PBXBuildFile; fileRef = 8460923F205BF68D009FC67D /* calendar.png */; };
		84766C26205AAF11005633D9 /* PageViewController.swift in Sources */ = {isa = PBXBuildFile; fileRef = 84766C25205AAF11005633D9 /* PageViewController.swift */; };
		84766C31205AB99D005633D9 /* Logo_Reseau_Polytech.svg.png in Resources */ = {isa = PBXBuildFile; fileRef = 84766C2E205AB99D005633D9 /* Logo_Reseau_Polytech.svg.png */; };
		84766C32205AB99D005633D9 /* myAvatar (1).png in Resources */ = {isa = PBXBuildFile; fileRef = 84766C2F205AB99D005633D9 /* myAvatar (1).png */; };
		84766C33205AB99D005633D9 /* myAvatar.png in Resources */ = {isa = PBXBuildFile; fileRef = 84766C30205AB99D005633D9 /* myAvatar.png */; };
		B18C3D4B2061197D00C779E1 /* AjoutRDVController.swift in Sources */ = {isa = PBXBuildFile; fileRef = B18C3D4A2061197D00C779E1 /* AjoutRDVController.swift */; };
		B18C3D4D206122C200C779E1 /* MenuController.swift in Sources */ = {isa = PBXBuildFile; fileRef = B18C3D4C206122C200C779E1 /* MenuController.swift */; };
		B18C3D4F2061231E00C779E1 /* InfoController.swift in Sources */ = {isa = PBXBuildFile; fileRef = B18C3D4E2061231E00C779E1 /* InfoController.swift */; };
		B18C3D512061300500C779E1 /* add.png in Resources */ = {isa = PBXBuildFile; fileRef = B18C3D502061300500C779E1 /* add.png */; };
		B1BF5E562062965200BB1390 /* AjoutMedecinController.swift in Sources */ = {isa = PBXBuildFile; fileRef = B1BF5E552062965200BB1390 /* AjoutMedecinController.swift */; };
/* End PBXBuildFile section */

/* Begin PBXContainerItemProxy section */
		46A7664E203AE9FD0026D50D /* PBXContainerItemProxy */ = {
			isa = PBXContainerItemProxy;
			containerPortal = 46A7662E203AE9FD0026D50D /* Project object */;
			proxyType = 1;
			remoteGlobalIDString = 46A76635203AE9FD0026D50D;
			remoteInfo = Fourvierr;
		};
		46A76659203AE9FD0026D50D /* PBXContainerItemProxy */ = {
			isa = PBXContainerItemProxy;
			containerPortal = 46A7662E203AE9FD0026D50D /* Project object */;
			proxyType = 1;
			remoteGlobalIDString = 46A76635203AE9FD0026D50D;
			remoteInfo = Fourvierr;
		};
/* End PBXContainerItemProxy section */

/* Begin PBXFileReference section */
		0BE96F2B2061222F0088A3AF /* AbstractFactory.swift */ = {isa = PBXFileReference; lastKnownFileType = sourcecode.swift; path = AbstractFactory.swift; sourceTree = "<group>"; };
		0BE96F2D206125D40088A3AF /* FactoryCoreData.swift */ = {isa = PBXFileReference; lastKnownFileType = sourcecode.swift; path = FactoryCoreData.swift; sourceTree = "<group>"; };
		0BE96F30206129040088A3AF /* DoctorDAO.swift */ = {isa = PBXFileReference; lastKnownFileType = sourcecode.swift; path = DoctorDAO.swift; sourceTree = "<group>"; };
		0BE96F3220612B900088A3AF /* DoctorDataCoreDAO.swift */ = {isa = PBXFileReference; lastKnownFileType = sourcecode.swift; path = DoctorDataCoreDAO.swift; sourceTree = "<group>"; };
		46A76636203AE9FD0026D50D /* Fourviere.app */ = {isa = PBXFileReference; explicitFileType = wrapper.application; includeInIndex = 0; path = Fourviere.app; sourceTree = BUILT_PRODUCTS_DIR; };
		46A76639203AE9FD0026D50D /* AppDelegate.swift */ = {isa = PBXFileReference; lastKnownFileType = sourcecode.swift; path = AppDelegate.swift; sourceTree = "<group>"; };
		46A7663E203AE9FD0026D50D /* Base */ = {isa = PBXFileReference; lastKnownFileType = file.storyboard; name = Base; path = Base.lproj/Main.storyboard; sourceTree = "<group>"; };
		46A76641203AE9FD0026D50D /* Fourvierr.xcdatamodel */ = {isa = PBXFileReference; lastKnownFileType = wrapper.xcdatamodel; path = Fourvierr.xcdatamodel; sourceTree = "<group>"; };
		46A76643203AE9FD0026D50D /* Assets.xcassets */ = {isa = PBXFileReference; lastKnownFileType = folder.assetcatalog; path = Assets.xcassets; sourceTree = "<group>"; };
		46A76646203AE9FD0026D50D /* Base */ = {isa = PBXFileReference; lastKnownFileType = file.storyboard; name = Base; path = Base.lproj/LaunchScreen.storyboard; sourceTree = "<group>"; };
		46A76648203AE9FD0026D50D /* Info.plist */ = {isa = PBXFileReference; lastKnownFileType = text.plist.xml; path = Info.plist; sourceTree = "<group>"; };
		46A7664D203AE9FD0026D50D /* FourviereTests.xctest */ = {isa = PBXFileReference; explicitFileType = wrapper.cfbundle; includeInIndex = 0; path = FourviereTests.xctest; sourceTree = BUILT_PRODUCTS_DIR; };
		46A76651203AE9FD0026D50D /* FourvierrTests.swift */ = {isa = PBXFileReference; lastKnownFileType = sourcecode.swift; path = FourvierrTests.swift; sourceTree = "<group>"; };
		46A76653203AE9FD0026D50D /* Info.plist */ = {isa = PBXFileReference; lastKnownFileType = text.plist.xml; path = Info.plist; sourceTree = "<group>"; };
		46A76658203AE9FD0026D50D /* FourviereUITests.xctest */ = {isa = PBXFileReference; explicitFileType = wrapper.cfbundle; includeInIndex = 0; path = FourviereUITests.xctest; sourceTree = BUILT_PRODUCTS_DIR; };
		46A7665C203AE9FD0026D50D /* FourvierrUITests.swift */ = {isa = PBXFileReference; lastKnownFileType = sourcecode.swift; path = FourvierrUITests.swift; sourceTree = "<group>"; };
		46A7665E203AE9FD0026D50D /* Info.plist */ = {isa = PBXFileReference; lastKnownFileType = text.plist.xml; path = Info.plist; sourceTree = "<group>"; };
		8460923D205BCA41009FC67D /* MesRDVViewController.swift */ = {isa = PBXFileReference; fileEncoding = 4; lastKnownFileType = sourcecode.swift; path = MesRDVViewController.swift; sourceTree = "<group>"; };
		8460923F205BF68D009FC67D /* calendar.png */ = {isa = PBXFileReference; lastKnownFileType = image.png; path = calendar.png; sourceTree = SOURCE_ROOT; };
		84766C25205AAF11005633D9 /* PageViewController.swift */ = {isa = PBXFileReference; fileEncoding = 4; lastKnownFileType = sourcecode.swift; path = PageViewController.swift; sourceTree = "<group>"; };
		84766C2E205AB99D005633D9 /* Logo_Reseau_Polytech.svg.png */ = {isa = PBXFileReference; lastKnownFileType = image.png; path = Logo_Reseau_Polytech.svg.png; sourceTree = SOURCE_ROOT; };
		84766C2F205AB99D005633D9 /* myAvatar (1).png */ = {isa = PBXFileReference; lastKnownFileType = image.png; path = "myAvatar (1).png"; sourceTree = SOURCE_ROOT; };
		84766C30205AB99D005633D9 /* myAvatar.png */ = {isa = PBXFileReference; lastKnownFileType = image.png; path = myAvatar.png; sourceTree = SOURCE_ROOT; };
		B18C3D4A2061197D00C779E1 /* AjoutRDVController.swift */ = {isa = PBXFileReference; fileEncoding = 4; lastKnownFileType = sourcecode.swift; path = AjoutRDVController.swift; sourceTree = "<group>"; };
		B18C3D4C206122C200C779E1 /* MenuController.swift */ = {isa = PBXFileReference; fileEncoding = 4; lastKnownFileType = sourcecode.swift; path = MenuController.swift; sourceTree = "<group>"; };
		B18C3D4E2061231E00C779E1 /* InfoController.swift */ = {isa = PBXFileReference; fileEncoding = 4; lastKnownFileType = sourcecode.swift; path = InfoController.swift; sourceTree = "<group>"; };
		B18C3D502061300500C779E1 /* add.png */ = {isa = PBXFileReference; lastKnownFileType = image.png; path = add.png; sourceTree = SOURCE_ROOT; };
		B1BF5E552062965200BB1390 /* AjoutMedecinController.swift */ = {isa = PBXFileReference; fileEncoding = 4; lastKnownFileType = sourcecode.swift; path = AjoutMedecinController.swift; sourceTree = "<group>"; };
/* End PBXFileReference section */

/* Begin PBXFrameworksBuildPhase section */
		46A76633203AE9FD0026D50D /* Frameworks */ = {
			isa = PBXFrameworksBuildPhase;
			buildActionMask = 2147483647;
			files = (
			);
			runOnlyForDeploymentPostprocessing = 0;
		};
		46A7664A203AE9FD0026D50D /* Frameworks */ = {
			isa = PBXFrameworksBuildPhase;
			buildActionMask = 2147483647;
			files = (
			);
			runOnlyForDeploymentPostprocessing = 0;
		};
		46A76655203AE9FD0026D50D /* Frameworks */ = {
			isa = PBXFrameworksBuildPhase;
			buildActionMask = 2147483647;
			files = (
			);
			runOnlyForDeploymentPostprocessing = 0;
		};
/* End PBXFrameworksBuildPhase section */

/* Begin PBXGroup section */
		0BE96F23206120A50088A3AF /* Model */ = {
			isa = PBXGroup;
			children = (
			);
			path = Model;
			sourceTree = "<group>";
		};
		0BE96F2A206121F90088A3AF /* AbstractFactory */ = {
			isa = PBXGroup;
			children = (
				0BE96F2B2061222F0088A3AF /* AbstractFactory.swift */,
				0BE96F30206129040088A3AF /* DoctorDAO.swift */,
			);
			path = AbstractFactory;
			sourceTree = "<group>";
		};
		0BE96F2F206128E20088A3AF /* CoreDataFactory */ = {
			isa = PBXGroup;
			children = (
				0BE96F2D206125D40088A3AF /* FactoryCoreData.swift */,
				0BE96F3220612B900088A3AF /* DoctorDataCoreDAO.swift */,
			);
			name = CoreDataFactory;
			sourceTree = "<group>";
		};
		46A7662D203AE9FD0026D50D = {
			isa = PBXGroup;
			children = (
				46A76638203AE9FD0026D50D /* Fourvierr */,
				46A76650203AE9FD0026D50D /* FourvierrTests */,
				46A7665B203AE9FD0026D50D /* FourvierrUITests */,
				46A76637203AE9FD0026D50D /* Products */,
			);
			sourceTree = "<group>";
		};
		46A76637203AE9FD0026D50D /* Products */ = {
			isa = PBXGroup;
			children = (
				46A76636203AE9FD0026D50D /* Fourviere.app */,
				46A7664D203AE9FD0026D50D /* FourviereTests.xctest */,
				46A76658203AE9FD0026D50D /* FourviereUITests.xctest */,
			);
			name = Products;
			sourceTree = "<group>";
		};
		46A76638203AE9FD0026D50D /* Fourvierr */ = {
			isa = PBXGroup;
			children = (
				0BE96F2F206128E20088A3AF /* CoreDataFactory */,
				0BE96F2A206121F90088A3AF /* AbstractFactory */,
				0BE96F23206120A50088A3AF /* Model */,
				84E46AC220593B5B00EA42A0 /* Controllers */,
				46A76639203AE9FD0026D50D /* AppDelegate.swift */,
				46A7663D203AE9FD0026D50D /* Main.storyboard */,
				46A76643203AE9FD0026D50D /* Assets.xcassets */,
				46A76645203AE9FD0026D50D /* LaunchScreen.storyboard */,
				84766C27205AB59F005633D9 /* Images */,
				46A76648203AE9FD0026D50D /* Info.plist */,
				46A76640203AE9FD0026D50D /* Fourvierr.xcdatamodeld */,
			);
			path = Fourvierr;
			sourceTree = "<group>";
		};
		46A76650203AE9FD0026D50D /* FourvierrTests */ = {
			isa = PBXGroup;
			children = (
				46A76651203AE9FD0026D50D /* FourvierrTests.swift */,
				46A76653203AE9FD0026D50D /* Info.plist */,
			);
			path = FourvierrTests;
			sourceTree = "<group>";
		};
		46A7665B203AE9FD0026D50D /* FourvierrUITests */ = {
			isa = PBXGroup;
			children = (
				46A7665C203AE9FD0026D50D /* FourvierrUITests.swift */,
				46A7665E203AE9FD0026D50D /* Info.plist */,
			);
			path = FourvierrUITests;
			sourceTree = "<group>";
		};
		84766C27205AB59F005633D9 /* Images */ = {
			isa = PBXGroup;
			children = (
				B18C3D502061300500C779E1 /* add.png */,
				8460923F205BF68D009FC67D /* calendar.png */,
				84766C2E205AB99D005633D9 /* Logo_Reseau_Polytech.svg.png */,
				84766C2F205AB99D005633D9 /* myAvatar (1).png */,
				84766C30205AB99D005633D9 /* myAvatar.png */,
			);
			name = Images;
			sourceTree = "<group>";
		};
		84E46AC220593B5B00EA42A0 /* Controllers */ = {
			isa = PBXGroup;
			children = (
				84766C25205AAF11005633D9 /* PageViewController.swift */,
				8460923D205BCA41009FC67D /* MesRDVViewController.swift */,
				B18C3D4A2061197D00C779E1 /* AjoutRDVController.swift */,
				B18C3D4C206122C200C779E1 /* MenuController.swift */,
				B18C3D4E2061231E00C779E1 /* InfoController.swift */,
				B1BF5E552062965200BB1390 /* AjoutMedecinController.swift */,
			);
			name = Controllers;
			sourceTree = "<group>";
		};
/* End PBXGroup section */

/* Begin PBXNativeTarget section */
		46A76635203AE9FD0026D50D /* Fourviere */ = {
			isa = PBXNativeTarget;
			buildConfigurationList = 46A76661203AE9FD0026D50D /* Build configuration list for PBXNativeTarget "Fourviere" */;
			buildPhases = (
				46A76632203AE9FD0026D50D /* Sources */,
				46A76633203AE9FD0026D50D /* Frameworks */,
				46A76634203AE9FD0026D50D /* Resources */,
			);
			buildRules = (
			);
			dependencies = (
			);
			name = Fourviere;
			productName = Fourvierr;
			productReference = 46A76636203AE9FD0026D50D /* Fourviere.app */;
			productType = "com.apple.product-type.application";
		};
		46A7664C203AE9FD0026D50D /* FourviereTests */ = {
			isa = PBXNativeTarget;
			buildConfigurationList = 46A76664203AE9FD0026D50D /* Build configuration list for PBXNativeTarget "FourviereTests" */;
			buildPhases = (
				46A76649203AE9FD0026D50D /* Sources */,
				46A7664A203AE9FD0026D50D /* Frameworks */,
				46A7664B203AE9FD0026D50D /* Resources */,
			);
			buildRules = (
			);
			dependencies = (
				46A7664F203AE9FD0026D50D /* PBXTargetDependency */,
			);
			name = FourviereTests;
			productName = FourvierrTests;
			productReference = 46A7664D203AE9FD0026D50D /* FourviereTests.xctest */;
			productType = "com.apple.product-type.bundle.unit-test";
		};
		46A76657203AE9FD0026D50D /* FourviereUITests */ = {
			isa = PBXNativeTarget;
			buildConfigurationList = 46A76667203AE9FD0026D50D /* Build configuration list for PBXNativeTarget "FourviereUITests" */;
			buildPhases = (
				46A76654203AE9FD0026D50D /* Sources */,
				46A76655203AE9FD0026D50D /* Frameworks */,
				46A76656203AE9FD0026D50D /* Resources */,
			);
			buildRules = (
			);
			dependencies = (
				46A7665A203AE9FD0026D50D /* PBXTargetDependency */,
			);
			name = FourviereUITests;
			productName = FourvierrUITests;
			productReference = 46A76658203AE9FD0026D50D /* FourviereUITests.xctest */;
			productType = "com.apple.product-type.bundle.ui-testing";
		};
/* End PBXNativeTarget section */

/* Begin PBXProject section */
		46A7662E203AE9FD0026D50D /* Project object */ = {
			isa = PBXProject;
			attributes = {
				LastSwiftUpdateCheck = 0830;
				LastUpgradeCheck = 0830;
				ORGANIZATIONNAME = polytechIG;
				TargetAttributes = {
					46A76635203AE9FD0026D50D = {
						CreatedOnToolsVersion = 8.3.3;
						ProvisioningStyle = Automatic;
					};
					46A7664C203AE9FD0026D50D = {
						CreatedOnToolsVersion = 8.3.3;
						ProvisioningStyle = Automatic;
						TestTargetID = 46A76635203AE9FD0026D50D;
					};
					46A76657203AE9FD0026D50D = {
						CreatedOnToolsVersion = 8.3.3;
						ProvisioningStyle = Automatic;
						TestTargetID = 46A76635203AE9FD0026D50D;
					};
				};
			};
			buildConfigurationList = 46A76631203AE9FD0026D50D /* Build configuration list for PBXProject "Fourviere" */;
			compatibilityVersion = "Xcode 3.2";
			developmentRegion = English;
			hasScannedForEncodings = 0;
			knownRegions = (
				en,
				Base,
			);
			mainGroup = 46A7662D203AE9FD0026D50D;
			productRefGroup = 46A76637203AE9FD0026D50D /* Products */;
			projectDirPath = "";
			projectRoot = "";
			targets = (
				46A76635203AE9FD0026D50D /* Fourviere */,
				46A7664C203AE9FD0026D50D /* FourviereTests */,
				46A76657203AE9FD0026D50D /* FourviereUITests */,
			);
		};
/* End PBXProject section */

/* Begin PBXResourcesBuildPhase section */
		46A76634203AE9FD0026D50D /* Resources */ = {
			isa = PBXResourcesBuildPhase;
			buildActionMask = 2147483647;
			files = (
				84609240205BF68D009FC67D /* calendar.png in Resources */,
				46A76647203AE9FD0026D50D /* LaunchScreen.storyboard in Resources */,
				84766C32205AB99D005633D9 /* myAvatar (1).png in Resources */,
				B18C3D512061300500C779E1 /* add.png in Resources */,
				84766C31205AB99D005633D9 /* Logo_Reseau_Polytech.svg.png in Resources */,
				46A76644203AE9FD0026D50D /* Assets.xcassets in Resources */,
				84766C33205AB99D005633D9 /* myAvatar.png in Resources */,
				46A7663F203AE9FD0026D50D /* Main.storyboard in Resources */,
			);
			runOnlyForDeploymentPostprocessing = 0;
		};
		46A7664B203AE9FD0026D50D /* Resources */ = {
			isa = PBXResourcesBuildPhase;
			buildActionMask = 2147483647;
			files = (
			);
			runOnlyForDeploymentPostprocessing = 0;
		};
		46A76656203AE9FD0026D50D /* Resources */ = {
			isa = PBXResourcesBuildPhase;
			buildActionMask = 2147483647;
			files = (
			);
			runOnlyForDeploymentPostprocessing = 0;
		};
/* End PBXResourcesBuildPhase section */

/* Begin PBXSourcesBuildPhase section */
		46A76632203AE9FD0026D50D /* Sources */ = {
			isa = PBXSourcesBuildPhase;
			buildActionMask = 2147483647;
			files = (
				84766C26205AAF11005633D9 /* PageViewController.swift in Sources */,
				B18C3D4D206122C200C779E1 /* MenuController.swift in Sources */,
				B18C3D4F2061231E00C779E1 /* InfoController.swift in Sources */,
				B1BF5E562062965200BB1390 /* AjoutMedecinController.swift in Sources */,
				B18C3D4B2061197D00C779E1 /* AjoutRDVController.swift in Sources */,
				8460923E205BCA41009FC67D /* MesRDVViewController.swift in Sources */,
				0BE96F2C2061222F0088A3AF /* AbstractFactory.swift in Sources */,
				46A7663A203AE9FD0026D50D /* AppDelegate.swift in Sources */,
				0BE96F3320612B900088A3AF /* DoctorDataCoreDAO.swift in Sources */,
				0BE96F31206129040088A3AF /* DoctorDAO.swift in Sources */,
				46A76642203AE9FD0026D50D /* Fourvierr.xcdatamodeld in Sources */,
				0BE96F2E206125D40088A3AF /* FactoryCoreData.swift in Sources */,
			);
			runOnlyForDeploymentPostprocessing = 0;
		};
		46A76649203AE9FD0026D50D /* Sources */ = {
			isa = PBXSourcesBuildPhase;
			buildActionMask = 2147483647;
			files = (
				46A76652203AE9FD0026D50D /* FourvierrTests.swift in Sources */,
			);
			runOnlyForDeploymentPostprocessing = 0;
		};
		46A76654203AE9FD0026D50D /* Sources */ = {
			isa = PBXSourcesBuildPhase;
			buildActionMask = 2147483647;
			files = (
				46A7665D203AE9FD0026D50D /* FourvierrUITests.swift in Sources */,
			);
			runOnlyForDeploymentPostprocessing = 0;
		};
/* End PBXSourcesBuildPhase section */

/* Begin PBXTargetDependency section */
		46A7664F203AE9FD0026D50D /* PBXTargetDependency */ = {
			isa = PBXTargetDependency;
			target = 46A76635203AE9FD0026D50D /* Fourviere */;
			targetProxy = 46A7664E203AE9FD0026D50D /* PBXContainerItemProxy */;
		};
		46A7665A203AE9FD0026D50D /* PBXTargetDependency */ = {
			isa = PBXTargetDependency;
			target = 46A76635203AE9FD0026D50D /* Fourviere */;
			targetProxy = 46A76659203AE9FD0026D50D /* PBXContainerItemProxy */;
		};
/* End PBXTargetDependency section */

/* Begin PBXVariantGroup section */
		46A7663D203AE9FD0026D50D /* Main.storyboard */ = {
			isa = PBXVariantGroup;
			children = (
				46A7663E203AE9FD0026D50D /* Base */,
			);
			name = Main.storyboard;
			sourceTree = "<group>";
		};
		46A76645203AE9FD0026D50D /* LaunchScreen.storyboard */ = {
			isa = PBXVariantGroup;
			children = (
				46A76646203AE9FD0026D50D /* Base */,
			);
			name = LaunchScreen.storyboard;
			sourceTree = "<group>";
		};
/* End PBXVariantGroup section */

/* Begin XCBuildConfiguration section */
		46A7665F203AE9FD0026D50D /* Debug */ = {
			isa = XCBuildConfiguration;
			buildSettings = {
				ALWAYS_SEARCH_USER_PATHS = NO;
				CLANG_ANALYZER_NONNULL = YES;
				CLANG_ANALYZER_NUMBER_OBJECT_CONVERSION = YES_AGGRESSIVE;
				CLANG_CXX_LANGUAGE_STANDARD = "gnu++0x";
				CLANG_CXX_LIBRARY = "libc++";
				CLANG_ENABLE_MODULES = YES;
				CLANG_ENABLE_OBJC_ARC = YES;
				CLANG_WARN_BOOL_CONVERSION = YES;
				CLANG_WARN_CONSTANT_CONVERSION = YES;
				CLANG_WARN_DIRECT_OBJC_ISA_USAGE = YES_ERROR;
				CLANG_WARN_DOCUMENTATION_COMMENTS = YES;
				CLANG_WARN_EMPTY_BODY = YES;
				CLANG_WARN_ENUM_CONVERSION = YES;
				CLANG_WARN_INFINITE_RECURSION = YES;
				CLANG_WARN_INT_CONVERSION = YES;
				CLANG_WARN_OBJC_ROOT_CLASS = YES_ERROR;
				CLANG_WARN_SUSPICIOUS_MOVE = YES;
				CLANG_WARN_UNREACHABLE_CODE = YES;
				CLANG_WARN__DUPLICATE_METHOD_MATCH = YES;
				"CODE_SIGN_IDENTITY[sdk=iphoneos*]" = "iPhone Developer";
				COPY_PHASE_STRIP = NO;
				DEBUG_INFORMATION_FORMAT = dwarf;
				ENABLE_STRICT_OBJC_MSGSEND = YES;
				ENABLE_TESTABILITY = YES;
				GCC_C_LANGUAGE_STANDARD = gnu99;
				GCC_DYNAMIC_NO_PIC = NO;
				GCC_NO_COMMON_BLOCKS = YES;
				GCC_OPTIMIZATION_LEVEL = 0;
				GCC_PREPROCESSOR_DEFINITIONS = (
					"DEBUG=1",
					"$(inherited)",
				);
				GCC_WARN_64_TO_32_BIT_CONVERSION = YES;
				GCC_WARN_ABOUT_RETURN_TYPE = YES_ERROR;
				GCC_WARN_UNDECLARED_SELECTOR = YES;
				GCC_WARN_UNINITIALIZED_AUTOS = YES_AGGRESSIVE;
				GCC_WARN_UNUSED_FUNCTION = YES;
				GCC_WARN_UNUSED_VARIABLE = YES;
				IPHONEOS_DEPLOYMENT_TARGET = 10.3;
				MTL_ENABLE_DEBUG_INFO = YES;
				ONLY_ACTIVE_ARCH = YES;
				SDKROOT = iphoneos;
				SWIFT_ACTIVE_COMPILATION_CONDITIONS = DEBUG;
				SWIFT_OPTIMIZATION_LEVEL = "-Onone";
				TARGETED_DEVICE_FAMILY = "1,2";
			};
			name = Debug;
		};
		46A76660203AE9FD0026D50D /* Release */ = {
			isa = XCBuildConfiguration;
			buildSettings = {
				ALWAYS_SEARCH_USER_PATHS = NO;
				CLANG_ANALYZER_NONNULL = YES;
				CLANG_ANALYZER_NUMBER_OBJECT_CONVERSION = YES_AGGRESSIVE;
				CLANG_CXX_LANGUAGE_STANDARD = "gnu++0x";
				CLANG_CXX_LIBRARY = "libc++";
				CLANG_ENABLE_MODULES = YES;
				CLANG_ENABLE_OBJC_ARC = YES;
				CLANG_WARN_BOOL_CONVERSION = YES;
				CLANG_WARN_CONSTANT_CONVERSION = YES;
				CLANG_WARN_DIRECT_OBJC_ISA_USAGE = YES_ERROR;
				CLANG_WARN_DOCUMENTATION_COMMENTS = YES;
				CLANG_WARN_EMPTY_BODY = YES;
				CLANG_WARN_ENUM_CONVERSION = YES;
				CLANG_WARN_INFINITE_RECURSION = YES;
				CLANG_WARN_INT_CONVERSION = YES;
				CLANG_WARN_OBJC_ROOT_CLASS = YES_ERROR;
				CLANG_WARN_SUSPICIOUS_MOVE = YES;
				CLANG_WARN_UNREACHABLE_CODE = YES;
				CLANG_WARN__DUPLICATE_METHOD_MATCH = YES;
				"CODE_SIGN_IDENTITY[sdk=iphoneos*]" = "iPhone Developer";
				COPY_PHASE_STRIP = NO;
				DEBUG_INFORMATION_FORMAT = "dwarf-with-dsym";
				ENABLE_NS_ASSERTIONS = NO;
				ENABLE_STRICT_OBJC_MSGSEND = YES;
				GCC_C_LANGUAGE_STANDARD = gnu99;
				GCC_NO_COMMON_BLOCKS = YES;
				GCC_WARN_64_TO_32_BIT_CONVERSION = YES;
				GCC_WARN_ABOUT_RETURN_TYPE = YES_ERROR;
				GCC_WARN_UNDECLARED_SELECTOR = YES;
				GCC_WARN_UNINITIALIZED_AUTOS = YES_AGGRESSIVE;
				GCC_WARN_UNUSED_FUNCTION = YES;
				GCC_WARN_UNUSED_VARIABLE = YES;
				IPHONEOS_DEPLOYMENT_TARGET = 10.3;
				MTL_ENABLE_DEBUG_INFO = NO;
				SDKROOT = iphoneos;
				SWIFT_OPTIMIZATION_LEVEL = "-Owholemodule";
				TARGETED_DEVICE_FAMILY = "1,2";
				VALIDATE_PRODUCT = YES;
			};
			name = Release;
		};
		46A76662203AE9FD0026D50D /* Debug */ = {
			isa = XCBuildConfiguration;
			buildSettings = {
				ASSETCATALOG_COMPILER_APPICON_NAME = AppIcon;
				INFOPLIST_FILE = Fourvierr/Info.plist;
				IPHONEOS_DEPLOYMENT_TARGET = 10.0;
				LD_RUNPATH_SEARCH_PATHS = "$(inherited) @executable_path/Frameworks";
				PRODUCT_BUNDLE_IDENTIFIER = polytechIG.Fourviere;
				PRODUCT_NAME = "$(TARGET_NAME)";
				SWIFT_VERSION = 3.0;
			};
			name = Debug;
		};
		46A76663203AE9FD0026D50D /* Release */ = {
			isa = XCBuildConfiguration;
			buildSettings = {
				ASSETCATALOG_COMPILER_APPICON_NAME = AppIcon;
				INFOPLIST_FILE = Fourvierr/Info.plist;
				IPHONEOS_DEPLOYMENT_TARGET = 10.0;
				LD_RUNPATH_SEARCH_PATHS = "$(inherited) @executable_path/Frameworks";
				PRODUCT_BUNDLE_IDENTIFIER = polytechIG.Fourviere;
				PRODUCT_NAME = "$(TARGET_NAME)";
				SWIFT_VERSION = 3.0;
			};
			name = Release;
		};
		46A76665203AE9FD0026D50D /* Debug */ = {
			isa = XCBuildConfiguration;
			buildSettings = {
				ALWAYS_EMBED_SWIFT_STANDARD_LIBRARIES = YES;
				BUNDLE_LOADER = "$(TEST_HOST)";
				INFOPLIST_FILE = FourvierrTests/Info.plist;
				LD_RUNPATH_SEARCH_PATHS = "$(inherited) @executable_path/Frameworks @loader_path/Frameworks";
				PRODUCT_BUNDLE_IDENTIFIER = polytechIG.FourvierrTests;
				PRODUCT_NAME = "$(TARGET_NAME)";
				SWIFT_VERSION = 3.0;
				TEST_HOST = "$(BUILT_PRODUCTS_DIR)/Fourviere.app/Fourviere";
			};
			name = Debug;
		};
		46A76666203AE9FD0026D50D /* Release */ = {
			isa = XCBuildConfiguration;
			buildSettings = {
				ALWAYS_EMBED_SWIFT_STANDARD_LIBRARIES = YES;
				BUNDLE_LOADER = "$(TEST_HOST)";
				INFOPLIST_FILE = FourvierrTests/Info.plist;
				LD_RUNPATH_SEARCH_PATHS = "$(inherited) @executable_path/Frameworks @loader_path/Frameworks";
				PRODUCT_BUNDLE_IDENTIFIER = polytechIG.FourvierrTests;
				PRODUCT_NAME = "$(TARGET_NAME)";
				SWIFT_VERSION = 3.0;
				TEST_HOST = "$(BUILT_PRODUCTS_DIR)/Fourviere.app/Fourviere";
			};
			name = Release;
		};
		46A76668203AE9FD0026D50D /* Debug */ = {
			isa = XCBuildConfiguration;
			buildSettings = {
				ALWAYS_EMBED_SWIFT_STANDARD_LIBRARIES = YES;
				INFOPLIST_FILE = FourvierrUITests/Info.plist;
				LD_RUNPATH_SEARCH_PATHS = "$(inherited) @executable_path/Frameworks @loader_path/Frameworks";
				PRODUCT_BUNDLE_IDENTIFIER = polytechIG.FourvierrUITests;
				PRODUCT_NAME = "$(TARGET_NAME)";
				SWIFT_VERSION = 3.0;
				TEST_TARGET_NAME = Fourvierr;
			};
			name = Debug;
		};
		46A76669203AE9FD0026D50D /* Release */ = {
			isa = XCBuildConfiguration;
			buildSettings = {
				ALWAYS_EMBED_SWIFT_STANDARD_LIBRARIES = YES;
				INFOPLIST_FILE = FourvierrUITests/Info.plist;
				LD_RUNPATH_SEARCH_PATHS = "$(inherited) @executable_path/Frameworks @loader_path/Frameworks";
				PRODUCT_BUNDLE_IDENTIFIER = polytechIG.FourvierrUITests;
				PRODUCT_NAME = "$(TARGET_NAME)";
				SWIFT_VERSION = 3.0;
				TEST_TARGET_NAME = Fourvierr;
			};
			name = Release;
		};
/* End XCBuildConfiguration section */

/* Begin XCConfigurationList section */
		46A76631203AE9FD0026D50D /* Build configuration list for PBXProject "Fourviere" */ = {
			isa = XCConfigurationList;
			buildConfigurations = (
				46A7665F203AE9FD0026D50D /* Debug */,
				46A76660203AE9FD0026D50D /* Release */,
			);
			defaultConfigurationIsVisible = 0;
			defaultConfigurationName = Release;
		};
		46A76661203AE9FD0026D50D /* Build configuration list for PBXNativeTarget "Fourviere" */ = {
			isa = XCConfigurationList;
			buildConfigurations = (
				46A76662203AE9FD0026D50D /* Debug */,
				46A76663203AE9FD0026D50D /* Release */,
			);
			defaultConfigurationIsVisible = 0;
			defaultConfigurationName = Release;
		};
		46A76664203AE9FD0026D50D /* Build configuration list for PBXNativeTarget "FourviereTests" */ = {
			isa = XCConfigurationList;
			buildConfigurations = (
				46A76665203AE9FD0026D50D /* Debug */,
				46A76666203AE9FD0026D50D /* Release */,
			);
			defaultConfigurationIsVisible = 0;
			defaultConfigurationName = Release;
		};
		46A76667203AE9FD0026D50D /* Build configuration list for PBXNativeTarget "FourviereUITests" */ = {
			isa = XCConfigurationList;
			buildConfigurations = (
				46A76668203AE9FD0026D50D /* Debug */,
				46A76669203AE9FD0026D50D /* Release */,
			);
			defaultConfigurationIsVisible = 0;
			defaultConfigurationName = Release;
		};
/* End XCConfigurationList section */

/* Begin XCVersionGroup section */
		46A76640203AE9FD0026D50D /* Fourvierr.xcdatamodeld */ = {
			isa = XCVersionGroup;
			children = (
				46A76641203AE9FD0026D50D /* Fourvierr.xcdatamodel */,
			);
			currentVersion = 46A76641203AE9FD0026D50D /* Fourvierr.xcdatamodel */;
			path = Fourvierr.xcdatamodeld;
			sourceTree = "<group>";
			versionGroupType = wrapper.xcdatamodel;
		};
/* End XCVersionGroup section */
	};
	rootObject = 46A7662E203AE9FD0026D50D /* Project object */;
}
